{
  "requires": true,
  "lockfileVersion": 1,
  "dependencies": {
    "@types/ragemp-c": {
      "version": "https://github.com/CocaColaBear/types-ragemp-c/tarball/master",
      "integrity": "sha512-WwuQNv36+GKsQGog4w+JEJEaf8DvX5VBN7pMxnsZVeEFZXu+L55B4AyycZfj3l9qzx2ICwxHwSIkecY2Yre0/A=="
    }
  }
}
